
Microsoft Visual Studio Solution File, Format Version 12.00
# Visual Studio 2013
VisualStudioVersion = 12.0.21005.1
MinimumVisualStudioVersion = 10.0.40219.1
Project("{FAE04EC0-301F-11D3-BF4B-00C04F79EFBC}") = "Meteor", "Meteor\Meteor.csproj", "{FFA5ED95-F8BE-4272-BF1E-1B50B42717B5}"
EndProject
Global
	GlobalSection(SolutionConfigurationPlatforms) = preSolution
		Debug|Any CPU = Debug|Any CPU
		Divine|Any CPU = Divine|Any CPU
		Release|Any CPU = Release|Any CPU
		Shyro|Any CPU = Shyro|Any CPU
	EndGlobalSection
	GlobalSection(ProjectConfigurationPlatforms) = postSolution
		{FFA5ED95-F8BE-4272-BF1E-1B50B42717B5}.Debug|Any CPU.ActiveCfg = Debug|Any CPU
		{FFA5ED95-F8BE-4272-BF1E-1B50B42717B5}.Debug|Any CPU.Build.0 = Debug|Any CPU
		{FFA5ED95-F8BE-4272-BF1E-1B50B42717B5}.Divine|Any CPU.ActiveCfg = Divine|Any CPU
		{FFA5ED95-F8BE-4272-BF1E-1B50B42717B5}.Divine|Any CPU.Build.0 = Divine|Any CPU
		{FFA5ED95-F8BE-4272-BF1E-1B50B42717B5}.Release|Any CPU.ActiveCfg = Release|Any CPU
		{FFA5ED95-F8BE-4272-BF1E-1B50B42717B5}.Release|Any CPU.Build.0 = Release|Any CPU
		{FFA5ED95-F8BE-4272-BF1E-1B50B42717B5}.Shyro|Any CPU.ActiveCfg = Shyro|Any CPU
		{FFA5ED95-F8BE-4272-BF1E-1B50B42717B5}.Shyro|Any CPU.Build.0 = Shyro|Any CPU
	EndGlobalSection
	GlobalSection(SolutionProperties) = preSolution
		HideSolutionNode = FALSE
	EndGlobalSection
EndGlobal
